# THIS IS AN AUTOGENERATED FILE. DO NOT EDIT THIS FILE DIRECTLY.
# yarn lockfile v1


"@babel/parser@^7.16.4":
  version "7.18.5"
  resolved "https://registry.yarnpkg.com/@babel/parser/-/parser-7.18.5.tgz#337062363436a893a2d22faa60be5bb37091c83c"
  integrity sha512-YZWVaglMiplo7v8f1oMQ5ZPQr0vn7HPeZXxXWsxXJRjGVrzUFn9OxFQl1sb5wzfootjA/yChhW84BV+383FSOw==

"@mdi/font@5.9.55":
  version "5.9.55"
  resolved "https://registry.yarnpkg.com/@mdi/font/-/font-5.9.55.tgz#41acd50b88073ded7095fc3029d8712b6e12f38e"
  integrity sha512-jswRF6q3eq8NWpWiqct6q+6Fg/I7nUhrxYJfiEM8JJpap0wVJLQdbKtyS65GdlK7S7Ytnx3TTi/bmw+tBhkGmg==

"@nuxt/opencollective@^0.3.2":
  version "0.3.3"
  resolved "https://registry.yarnpkg.com/@nuxt/opencollective/-/opencollective-0.3.3.tgz#80ff0eb8f6fca1d0ed5a089b9688f41bff2dd8ab"
  integrity sha512-6IKCd+gP0HliixqZT/p8nW3tucD6Sv/u/eR2A9X4rxT/6hXlMzA4GZQzq4d2qnBAwSwGpmKyzkyTjNjrhaA25A==
  dependencies:
    chalk "^4.1.0"
    consola "^2.15.0"
    node-fetch "^2.6.7"

"@popperjs/core@^2.11.5":
  version "2.11.5"
  resolved "https://registry.yarnpkg.com/@popperjs/core/-/core-2.11.5.tgz#db5a11bf66bdab39569719555b0f76e138d7bd64"
  integrity sha512-9X2obfABZuDVLCgPK9aX0a/x4jaOEweTTWE2+9sr0Qqqevj2Uv5XorvusThmc9XGYpS9yI+fhh8RTafBtGposw==

"@types/json-schema@^7.0.8":
  version "7.0.11"
  resolved "https://registry.yarnpkg.com/@types/json-schema/-/json-schema-7.0.11.tgz#d421b6c527a3037f7c84433fd2c4229e016863d3"
  integrity sha512-wOuvG1SN4Us4rez+tylwwwCV1psiNVOkJeM3AUWUNWg/jDQY2+HE/444y5gc+jBmRqASOm2Oeh5c1axHobwRKQ==

"@types/webfontloader@^1.0.0":
  version "1.6.34"
  resolved "https://registry.yarnpkg.com/@types/webfontloader/-/webfontloader-1.6.34.tgz#3ad1530c3cf2827d3ed80679b4f8c688e6c6957c"
  integrity sha512-yNIPDl3P1yK/ag9C8CdleEhWrtU1myGr3cxb0yEBN/tkCYoGP5PbQa53mQCXcOLFAvBFzJJQfuEahOZ0ARakqw==

"@vitejs/plugin-vue@^2.3.3":
  version "2.3.3"
  resolved "https://registry.yarnpkg.com/@vitejs/plugin-vue/-/plugin-vue-2.3.3.tgz#fbf80cc039b82ac21a1acb0f0478de8f61fbf600"
  integrity sha512-SmQLDyhz+6lGJhPELsBdzXGc+AcaT8stgkbiTFGpXPe8Tl1tJaBw1A6pxDqDuRsVkD8uscrkx3hA7QDOoKYtyw==

"@volar/code-gen@0.34.17":
  version "0.34.17"
  resolved "https://registry.yarnpkg.com/@volar/code-gen/-/code-gen-0.34.17.tgz#fd46e369454e6bd9599b511500b4c43acb9730bd"
  integrity sha512-rHR7BA71BJ/4S7xUOPMPiB7uk6iU9oTWpEMZxFi5VGC9iJmDncE82WzU5iYpcbOBCVHsOjMh0+5CGMgdO6SaPA==
  dependencies:
    "@volar/source-map" "0.34.17"

"@volar/source-map@0.34.17":
  version "0.34.17"
  resolved "https://registry.yarnpkg.com/@volar/source-map/-/source-map-0.34.17.tgz#79efc4d088e11f59fc857953185a1f852df70968"
  integrity sha512-3yn1IMXJGGWB/G817/VFlFMi8oh5pmE7VzUqvgMZMrppaZpKj6/juvJIEiXNxRsgWc0RxIO8OSp4htdPUg1Raw==

"@volar/vue-code-gen@0.34.17":
  version "0.34.17"
  resolved "https://registry.yarnpkg.com/@volar/vue-code-gen/-/vue-code-gen-0.34.17.tgz#55ca9c21b38c91bf362761b268a77b9f0ecae8bf"
  integrity sha512-17pzcK29fyFWUc+C82J3JYSnA+jy3QNrIldb9kPaP9Itbik05ZjEIyEue9FjhgIAuHeYSn4LDM5s6nGjxyfhsQ==
  dependencies:
    "@volar/code-gen" "0.34.17"
    "@volar/source-map" "0.34.17"
    "@vue/compiler-core" "^3.2.36"
    "@vue/compiler-dom" "^3.2.36"
    "@vue/shared" "^3.2.36"

"@volar/vue-typescript@0.34.17":
  version "0.34.17"
  resolved "https://registry.yarnpkg.com/@volar/vue-typescript/-/vue-typescript-0.34.17.tgz#497eb471ebac25ff61af04031b78ec71a34d470b"
  integrity sha512-U0YSVIBPRWVPmgJHNa4nrfq88+oS+tmyZNxmnfajIw9A/GOGZQiKXHC0k09SVvbYXlsjgJ6NIjhm9NuAhGRQjg==
  dependencies:
    "@volar/code-gen" "0.34.17"
    "@volar/source-map" "0.34.17"
    "@volar/vue-code-gen" "0.34.17"
    "@vue/compiler-sfc" "^3.2.36"
    "@vue/reactivity" "^3.2.36"

"@vue/compiler-core@3.2.37", "@vue/compiler-core@^3.2.36":
  version "3.2.37"
  resolved "https://registry.yarnpkg.com/@vue/compiler-core/-/compiler-core-3.2.37.tgz#b3c42e04c0e0f2c496ff1784e543fbefe91e215a"
  integrity sha512-81KhEjo7YAOh0vQJoSmAD68wLfYqJvoiD4ulyedzF+OEk/bk6/hx3fTNVfuzugIIaTrOx4PGx6pAiBRe5e9Zmg==
  dependencies:
    "@babel/parser" "^7.16.4"
    "@vue/shared" "3.2.37"
    estree-walker "^2.0.2"
    source-map "^0.6.1"

"@vue/compiler-dom@3.2.37", "@vue/compiler-dom@^3.2.36":
  version "3.2.37"
  resolved "https://registry.yarnpkg.com/@vue/compiler-dom/-/compiler-dom-3.2.37.tgz#10d2427a789e7c707c872da9d678c82a0c6582b5"
  integrity sha512-yxJLH167fucHKxaqXpYk7x8z7mMEnXOw3G2q62FTkmsvNxu4FQSu5+3UMb+L7fjKa26DEzhrmCxAgFLLIzVfqQ==
  dependencies:
    "@vue/compiler-core" "3.2.37"
    "@vue/shared" "3.2.37"

"@vue/compiler-sfc@3.2.37", "@vue/compiler-sfc@^3.2.36":
  version "3.2.37"
  resolved "https://registry.yarnpkg.com/@vue/compiler-sfc/-/compiler-sfc-3.2.37.tgz#3103af3da2f40286edcd85ea495dcb35bc7f5ff4"
  integrity sha512-+7i/2+9LYlpqDv+KTtWhOZH+pa8/HnX/905MdVmAcI/mPQOBwkHHIzrsEsucyOIZQYMkXUiTkmZq5am/NyXKkg==
  dependencies:
    "@babel/parser" "^7.16.4"
    "@vue/compiler-core" "3.2.37"
    "@vue/compiler-dom" "3.2.37"
    "@vue/compiler-ssr" "3.2.37"
    "@vue/reactivity-transform" "3.2.37"
    "@vue/shared" "3.2.37"
    estree-walker "^2.0.2"
    magic-string "^0.25.7"
    postcss "^8.1.10"
    source-map "^0.6.1"

"@vue/compiler-ssr@3.2.37":
  version "3.2.37"
  resolved "https://registry.yarnpkg.com/@vue/compiler-ssr/-/compiler-ssr-3.2.37.tgz#4899d19f3a5fafd61524a9d1aee8eb0505313cff"
  integrity sha512-7mQJD7HdXxQjktmsWp/J67lThEIcxLemz1Vb5I6rYJHR5vI+lON3nPGOH3ubmbvYGt8xEUaAr1j7/tIFWiEOqw==
  dependencies:
    "@vue/compiler-dom" "3.2.37"
    "@vue/shared" "3.2.37"

"@vue/devtools-api@^6.0.0", "@vue/devtools-api@^6.1.4":
  version "6.1.4"
  resolved "https://registry.yarnpkg.com/@vue/devtools-api/-/devtools-api-6.1.4.tgz#b4aec2f4b4599e11ba774a50c67fa378c9824e53"
  integrity sha512-IiA0SvDrJEgXvVxjNkHPFfDx6SXw0b/TUkqMcDZWNg9fnCAHbTpoo59YfJ9QLFkwa3raau5vSlRVzMSLDnfdtQ==

"@vue/reactivity-transform@3.2.37":
  version "3.2.37"
  resolved "https://registry.yarnpkg.com/@vue/reactivity-transform/-/reactivity-transform-3.2.37.tgz#0caa47c4344df4ae59f5a05dde2a8758829f8eca"
  integrity sha512-IWopkKEb+8qpu/1eMKVeXrK0NLw9HicGviJzhJDEyfxTR9e1WtpnnbYkJWurX6WwoFP0sz10xQg8yL8lgskAZg==
  dependencies:
    "@babel/parser" "^7.16.4"
    "@vue/compiler-core" "3.2.37"
    "@vue/shared" "3.2.37"
    estree-walker "^2.0.2"
    magic-string "^0.25.7"

"@vue/reactivity@3.2.37", "@vue/reactivity@^3.2.36":
  version "3.2.37"
  resolved "https://registry.yarnpkg.com/@vue/reactivity/-/reactivity-3.2.37.tgz#5bc3847ac58828e2b78526e08219e0a1089f8848"
  integrity sha512-/7WRafBOshOc6m3F7plwzPeCu/RCVv9uMpOwa/5PiY1Zz+WLVRWiy0MYKwmg19KBdGtFWsmZ4cD+LOdVPcs52A==
  dependencies:
    "@vue/shared" "3.2.37"

"@vue/runtime-core@3.2.37":
  version "3.2.37"
  resolved "https://registry.yarnpkg.com/@vue/runtime-core/-/runtime-core-3.2.37.tgz#7ba7c54bb56e5d70edfc2f05766e1ca8519966e3"
  integrity sha512-JPcd9kFyEdXLl/i0ClS7lwgcs0QpUAWj+SKX2ZC3ANKi1U4DOtiEr6cRqFXsPwY5u1L9fAjkinIdB8Rz3FoYNQ==
  dependencies:
    "@vue/reactivity" "3.2.37"
    "@vue/shared" "3.2.37"

"@vue/runtime-dom@3.2.37":
  version "3.2.37"
  resolved "https://registry.yarnpkg.com/@vue/runtime-dom/-/runtime-dom-3.2.37.tgz#002bdc8228fa63949317756fb1e92cdd3f9f4bbd"
  integrity sha512-HimKdh9BepShW6YozwRKAYjYQWg9mQn63RGEiSswMbW+ssIht1MILYlVGkAGGQbkhSh31PCdoUcfiu4apXJoPw==
  dependencies:
    "@vue/runtime-core" "3.2.37"
    "@vue/shared" "3.2.37"
    csstype "^2.6.8"

"@vue/server-renderer@3.2.37":
  version "3.2.37"
  resolved "https://registry.yarnpkg.com/@vue/server-renderer/-/server-renderer-3.2.37.tgz#840a29c8dcc29bddd9b5f5ffa22b95c0e72afdfc"
  integrity sha512-kLITEJvaYgZQ2h47hIzPh2K3jG8c1zCVbp/o/bzQOyvzaKiCquKS7AaioPI28GNxIsE/zSx+EwWYsNxDCX95MA==
  dependencies:
    "@vue/compiler-ssr" "3.2.37"
    "@vue/shared" "3.2.37"

"@vue/shared@3.2.37", "@vue/shared@^3.2.36":
  version "3.2.37"
  resolved "https://registry.yarnpkg.com/@vue/shared/-/shared-3.2.37.tgz#8e6adc3f2759af52f0e85863dfb0b711ecc5c702"
  integrity sha512-4rSJemR2NQIo9Klm1vabqWjD8rs/ZaJSzMxkMNeJS6lHiUjjUeYFbooN19NgFjztubEKh3WlZUeOLVdbbUWHsw==

"@vuetify/loader-shared@^1.5.0":
  version "1.5.0"
  resolved "https://registry.yarnpkg.com/@vuetify/loader-shared/-/loader-shared-1.5.0.tgz#2bdfa49497f49a37993064b30fcb3d6f96c7fb0c"
  integrity sha512-Sc+CUZGtQfMLmXXdZ3fvYWkDwMm5zYvYgsAPWsvXNokCeE7WhNA/IETFMThfF8Nf9mnf+zX9+jdtVhKND3hBkQ==
  dependencies:
    find-cache-dir "^3.3.2"
    upath "^2.0.1"

ajv-keywords@^3.5.2:
  version "3.5.2"
  resolved "https://registry.yarnpkg.com/ajv-keywords/-/ajv-keywords-3.5.2.tgz#31f29da5ab6e00d1c2d329acf7b5929614d5014d"
  integrity sha512-5p6WTN0DdTGVQk6VjcEju19IgaHudalcfabD7yhDGeA6bcQnmL+CpveLJq/3hvfwd1aof6L386Ougkx6RfyMIQ==

ajv@^6.12.5:
  version "6.12.6"
  resolved "https://registry.yarnpkg.com/ajv/-/ajv-6.12.6.tgz#baf5a62e802b07d977034586f8c3baf5adf26df4"
  integrity sha512-j3fVLgvTo527anyYyJOGTYJbG+vnnQYvE0m5mmkc1TK+nxAppkCLMIL0aZ4dblVCNoGShhm+kzE4ZUykBoMg4g==
  dependencies:
    fast-deep-equal "^3.1.1"
    fast-json-stable-stringify "^2.0.0"
    json-schema-traverse "^0.4.1"
    uri-js "^4.2.2"

ansi-styles@^4.1.0:
  version "4.3.0"
  resolved "https://registry.yarnpkg.com/ansi-styles/-/ansi-styles-4.3.0.tgz#edd803628ae71c04c85ae7a0906edad34b648937"
  integrity sha512-zbB9rCJAT1rbjiVDb2hqKFHNYLxgtk8NURxZ3IZwD3F6NtxbXZQCnnSi1Lkx+IDohdPlFp222wVALIheZJQSEg==
  dependencies:
    color-convert "^2.0.1"

asynckit@^0.4.0:
  version "0.4.0"
  resolved "https://registry.yarnpkg.com/asynckit/-/asynckit-0.4.0.tgz#c79ed97f7f34cb8f2ba1bc9790bcc366474b4b79"
  integrity sha512-Oei9OH4tRh0YqU3GxhX79dM/mwVgvbZJaSNaRk+bshkj0S5cfHcgYakreBjrHwatXKbz+IoIdYLxrKim2MjW0Q==

autoprefixer@^10.4.7:
  version "10.4.7"
  resolved "https://registry.yarnpkg.com/autoprefixer/-/autoprefixer-10.4.7.tgz#1db8d195f41a52ca5069b7593be167618edbbedf"
  integrity sha512-ypHju4Y2Oav95SipEcCcI5J7CGPuvz8oat7sUtYj3ClK44bldfvtvcxK6IEK++7rqB7YchDGzweZIBG+SD0ZAA==
  dependencies:
    browserslist "^4.20.3"
    caniuse-lite "^1.0.30001335"
    fraction.js "^4.2.0"
    normalize-range "^0.1.2"
    picocolors "^1.0.0"
    postcss-value-parser "^4.2.0"

axios@^0.27.2:
  version "0.27.2"
  resolved "https://registry.yarnpkg.com/axios/-/axios-0.27.2.tgz#207658cc8621606e586c85db4b41a750e756d972"
  integrity sha512-t+yRIyySRTp/wua5xEr+z1q60QmLq8ABsS5O9Me1AsE5dfKqgnCFzwiCZZ/cGNd1lq4/7akDWMxdhVlucjmnOQ==
  dependencies:
    follow-redirects "^1.14.9"
    form-data "^4.0.0"

balanced-match@^1.0.0:
  version "1.0.2"
  resolved "https://registry.yarnpkg.com/balanced-match/-/balanced-match-1.0.2.tgz#e83e3a7e3f300b34cb9d87f615fa0cbf357690ee"
  integrity sha512-3oSeUO0TMV67hN1AmbXsK4yaqU7tjiHlbxRDZOpH0KW9+CeX4bRAaX0Anxt0tx2MrpRpWwQaPwIlISEJhYU5Pw==

big.js@^5.2.2:
  version "5.2.2"
  resolved "https://registry.yarnpkg.com/big.js/-/big.js-5.2.2.tgz#65f0af382f578bcdc742bd9c281e9cb2d7768328"
  integrity sha512-vyL2OymJxmarO8gxMr0mhChsO9QGwhynfuu4+MHTAW6czfq9humCB7rKpUjDd9YUiDPU4mzpyupFSvOClAwbmQ==

bootstrap-vue@^2.22.0:
  version "2.22.0"
  resolved "https://registry.yarnpkg.com/bootstrap-vue/-/bootstrap-vue-2.22.0.tgz#2b3d7926d24af0bd289ddce7ba76b07000aab3e5"
  integrity sha512-denjR/ae0K7Jrcqud3TrZWw0p/crtyigeGUNunWQ4t+KFi+7rzJ6j6lx1W5/gpUtSSUgNbWrXcHH4lIWXzXOOQ==
  dependencies:
    "@nuxt/opencollective" "^0.3.2"
    bootstrap "^4.6.1"
    popper.js "^1.16.1"
    portal-vue "^2.1.7"
    vue-functional-data-merge "^3.1.0"

bootstrap@^4.6.1:
  version "4.6.1"
  resolved "https://registry.yarnpkg.com/bootstrap/-/bootstrap-4.6.1.tgz#bc25380c2c14192374e8dec07cf01b2742d222a2"
  integrity sha512-0dj+VgI9Ecom+rvvpNZ4MUZJz8dcX7WCX+eTID9+/8HgOkv3dsRzi8BGeZJCQU6flWQVYxwTQnEZFrmJSEO7og==

bootstrap@^5.1.3:
  version "5.1.3"
  resolved "https://registry.yarnpkg.com/bootstrap/-/bootstrap-5.1.3.tgz#ba081b0c130f810fa70900acbc1c6d3c28fa8f34"
  integrity sha512-fcQztozJ8jToQWXxVuEyXWW+dSo8AiXWKwiSSrKWsRB/Qt+Ewwza+JWoLKiTuQLaEPhdNAJ7+Dosc9DOIqNy7Q==

brace-expansion@^1.1.7:
  version "1.1.11"
  resolved "https://registry.yarnpkg.com/brace-expansion/-/brace-expansion-1.1.11.tgz#3c7fcbf529d87226f3d2f52b966ff5271eb441dd"
  integrity sha512-iCuPHDFgrHX7H2vEI/5xpz07zSHB00TpugqhmYtVmMO6518mCuRMoOYFldEBl0g187ufozdaHgWKcYFb61qGiA==
  dependencies:
    balanced-match "^1.0.0"
    concat-map "0.0.1"

browserslist@^4.20.3:
  version "4.20.4"
  resolved "https://registry.yarnpkg.com/browserslist/-/browserslist-4.20.4.tgz#98096c9042af689ee1e0271333dbc564b8ce4477"
  integrity sha512-ok1d+1WpnU24XYN7oC3QWgTyMhY/avPJ/r9T00xxvUOIparA/gc+UPUMaod3i+G6s+nI2nUb9xZ5k794uIwShw==
  dependencies:
    caniuse-lite "^1.0.30001349"
    electron-to-chromium "^1.4.147"
    escalade "^3.1.1"
    node-releases "^2.0.5"
    picocolors "^1.0.0"

caniuse-lite@^1.0.30001335, caniuse-lite@^1.0.30001349:
  version "1.0.30001356"
  resolved "https://registry.yarnpkg.com/caniuse-lite/-/caniuse-lite-1.0.30001356.tgz#cbf5fe7b33f90962bfbca532212ea478d4ec9de8"
  integrity sha512-/30854bktMLhxtjieIxsrJBfs2gTM1pel6MXKF3K+RdIVJZcsn2A2QdhsuR4/p9+R204fZw0zCBBhktX8xWuyQ==

chalk@^4.1.0:
  version "4.1.2"
  resolved "https://registry.yarnpkg.com/chalk/-/chalk-4.1.2.tgz#aac4e2b7734a740867aeb16bf02aad556a1e7a01"
  integrity sha512-oKnbhFyRIXpUuez8iBMmyEa4nbj4IOQyuhc/wy9kY7/WVPcwIO9VA668Pu8RkO7+0G76SLROeyw9CpQ061i4mA==
  dependencies:
    ansi-styles "^4.1.0"
    supports-color "^7.1.0"

color-convert@^2.0.1:
  version "2.0.1"
  resolved "https://registry.yarnpkg.com/color-convert/-/color-convert-2.0.1.tgz#72d3a68d598c9bdb3af2ad1e84f21d896abd4de3"
  integrity sha512-RRECPsj7iu/xb5oKYcsFHSppFNnsj/52OVTRKb4zP5onXwVF3zVmmToNcOfGC+CRDpfK/U584fMg38ZHCaElKQ==
  dependencies:
    color-name "~1.1.4"

color-name@~1.1.4:
  version "1.1.4"
  resolved "https://registry.yarnpkg.com/color-name/-/color-name-1.1.4.tgz#c2a09a87acbde69543de6f63fa3995c826c536a2"
  integrity sha512-dOy+3AuW3a2wNbZHIuMZpTcgjGuLU/uBL/ubcZF9OXbDo8ff4O8yVp5Bf0efS8uEoYo5q4Fx7dY9OgQGXgAsQA==

combined-stream@^1.0.8:
  version "1.0.8"
  resolved "https://registry.yarnpkg.com/combined-stream/-/combined-stream-1.0.8.tgz#c3d45a8b34fd730631a110a8a2520682b31d5a7f"
  integrity sha512-FQN4MRfuJeHf7cBbBMJFXhKSDq+2kAArBlmRBvcvFE5BB1HZKXtSFASDhdlz9zOYwxh8lDdnvmMOe/+5cdoEdg==
  dependencies:
    delayed-stream "~1.0.0"

commondir@^1.0.1:
  version "1.0.1"
  resolved "https://registry.yarnpkg.com/commondir/-/commondir-1.0.1.tgz#ddd800da0c66127393cca5950ea968a3aaf1253b"
  integrity sha512-W9pAhw0ja1Edb5GVdIF1mjZw/ASI0AlShXM83UUGe2DVr5TdAPEA1OA8m/g8zWp9x6On7gqufY+FatDbC3MDQg==

concat-map@0.0.1:
  version "0.0.1"
  resolved "https://registry.yarnpkg.com/concat-map/-/concat-map-0.0.1.tgz#d8a96bd77fd68df7793a73036a3ba0d5405d477b"
  integrity sha512-/Srv4dswyQNBfohGpz9o6Yb3Gz3SrUDqBH5rTuhGR7ahtlbYKnVxw2bCFMRljaA7EXHaXZ8wsHdodFvbkhKmqg==

consola@^2.15.0:
  version "2.15.3"
  resolved "https://registry.yarnpkg.com/consola/-/consola-2.15.3.tgz#2e11f98d6a4be71ff72e0bdf07bd23e12cb61550"
  integrity sha512-9vAdYbHj6x2fLKC4+oPH0kFzY/orMZyG2Aj+kNylHxKGJ/Ed4dpNyAQYwJOdqO4zdM7XpVHmyejQDcQHrnuXbw==

csstype@^2.6.8:
  version "2.6.20"
  resolved "https://registry.yarnpkg.com/csstype/-/csstype-2.6.20.tgz#9229c65ea0b260cf4d3d997cb06288e36a8d6dda"
  integrity sha512-/WwNkdXfckNgw6S5R125rrW8ez139lBHWouiBvX8dfMFtcn6V81REDqnH7+CRpRipfYlyU1CmOnOxrmGcFOjeA==

debug@^4.3.3:
  version "4.3.4"
  resolved "https://registry.yarnpkg.com/debug/-/debug-4.3.4.tgz#1319f6579357f2338d3337d2cdd4914bb5dcc865"
  integrity sha512-PRWFHuSU3eDtQJPvnNY7Jcket1j0t5OuOsFzPPzsekD52Zl8qUfFIPEiswXqIvHWGVHOgX+7G/vCNNhehwxfkQ==
  dependencies:
    ms "2.1.2"

delayed-stream@~1.0.0:
  version "1.0.0"
  resolved "https://registry.yarnpkg.com/delayed-stream/-/delayed-stream-1.0.0.tgz#df3ae199acadfb7d440aaae0b29e2272b24ec619"
  integrity sha512-ZySD7Nf91aLB0RxL4KGrKHBXl7Eds1DAmEdcoVawXnLD7SDhpNgtuII2aAkg7a7QS41jxPSZ17p4VdGnMHk3MQ==

electron-to-chromium@^1.4.147:
  version "1.4.160"
  resolved "https://registry.yarnpkg.com/electron-to-chromium/-/electron-to-chromium-1.4.160.tgz#da54e24fddeaca52f37965c7bec1bd964c97d487"
  integrity sha512-O1Z12YfyeX2LXYO7MdHIPazGXzLzQnr1ADW55U2ARQsJBPgfpJz3u+g3Mo2l1wSyfOCdiGqaX9qtV4XKZ0HNRA==

emojis-list@^3.0.0:
  version "3.0.0"
  resolved "https://registry.yarnpkg.com/emojis-list/-/emojis-list-3.0.0.tgz#5570662046ad29e2e916e71aae260abdff4f6a78"
  integrity sha512-/kyM18EfinwXZbno9FyUGeFh87KC8HRQBQGildHZbEuRyWFOmv1U10o9BBp8XVZDVNNuQKyIGIu5ZYAAXJ0V2Q==

esbuild-android-64@0.14.45:
  version "0.14.45"
  resolved "https://registry.yarnpkg.com/esbuild-android-64/-/esbuild-android-64-0.14.45.tgz#696f078d97a1350ceea5db626b3bc4a60fc13555"
  integrity sha512-krVmwL2uXQN1A+Ci4u2MR+Y0IAvQK0u3no5TsgguHVhTy138szjuohScCGjkpvLCpGLk7P4kFP1LKuntvJ0d4A==

esbuild-android-arm64@0.14.45:
  version "0.14.45"
  resolved "https://registry.yarnpkg.com/esbuild-android-arm64/-/esbuild-android-arm64-0.14.45.tgz#d229da8040cea4a0041756d1abcea375b4e3f9db"
  integrity sha512-62POGdzAjM+XOXEM5MmFW6k9Pjdjg1hTrXKKBbPE700LFF36B+1Jv9QkskT5UadbTk4cdH9BQ7bGiRPYY0p/Dw==

esbuild-darwin-64@0.14.45:
  version "0.14.45"
  resolved "https://registry.yarnpkg.com/esbuild-darwin-64/-/esbuild-darwin-64-0.14.45.tgz#d7d38d91e4c03890d58c297131e9b82895a37a6a"
  integrity sha512-dbkVUAnGx5IeZesWnIhnvxy7dSvgUQvfy0TVLzd9XVP3oI/VsKs8UNsfPrxI5HiN4SINv7oPAbxWceMpB7IqNA==

esbuild-darwin-arm64@0.14.45:
  version "0.14.45"
  resolved "https://registry.yarnpkg.com/esbuild-darwin-arm64/-/esbuild-darwin-arm64-0.14.45.tgz#d4df2871b94351d7d5561e41f91aadba46857838"
  integrity sha512-O6Bz7nnOae5rvbh2Ueo8ibSr7+/eLjsbPdgeMsAZri+LkOa7nsVPnhmocpO3Hy/LWfagTtHy1O9HRPIaArPmTg==

esbuild-freebsd-64@0.14.45:
  version "0.14.45"
  resolved "https://registry.yarnpkg.com/esbuild-freebsd-64/-/esbuild-freebsd-64-0.14.45.tgz#e90106a2db3f5b0771392d3f9d8801b3138825c6"
  integrity sha512-y1X2nr3XSWnDC7MRcy21EVAT0TiCtdefOntJ+SQcZnPBTURzX77f99S8lDF2KswukChkiacpd2Wd4VZieo7w7Q==

esbuild-freebsd-arm64@0.14.45:
  version "0.14.45"
  resolved "https://registry.yarnpkg.com/esbuild-freebsd-arm64/-/esbuild-freebsd-arm64-0.14.45.tgz#e734c8ae8042cd9224406d45d6992261382bcbde"
  integrity sha512-r3ZNejkx1BKXQ6sYOP6C5rTwgiUajyAh03wygLWZtl+SLyygvAnu+OouqtveesufjBDgujp4wZXP/n8PVqXkqg==

esbuild-linux-32@0.14.45:
  version "0.14.45"
  resolved "https://registry.yarnpkg.com/esbuild-linux-32/-/esbuild-linux-32-0.14.45.tgz#0f814a784c941bfd5a5dca7ff742b57744c5324b"
  integrity sha512-Qk9cCO3PJig/Y+SdslN/Th4pbAjgaH9oUjVH28eMsLTPf6QDUuK6EED91jepJdR3vxhcnVjyl6JqtOWmP+uxCg==

esbuild-linux-64@0.14.45:
  version "0.14.45"
  resolved "https://registry.yarnpkg.com/esbuild-linux-64/-/esbuild-linux-64-0.14.45.tgz#2028a6dfb3fea7a5dd5e87cf00d02a36a3373e3c"
  integrity sha512-IybO2ugqvc/Zzn1Kih3x0FVjYAy3GTCwhtcp91dbdqk3wPqxYCzObYspa8ca0s+OovI0Cnb+rhXrUtq8gBqlqw==

esbuild-linux-arm64@0.14.45:
  version "0.14.45"
  resolved "https://registry.yarnpkg.com/esbuild-linux-arm64/-/esbuild-linux-arm64-0.14.45.tgz#6fef4165583215918d45150148ac0a18d5ef6323"
  integrity sha512-UNEyuHTwztrkEU/+mWIxGzKrYBo2cEtjYAZQVZB1kliANKgRITktg2miaO/b/VtNe84ob1aXSvW8XOPEn5RTGQ==

esbuild-linux-arm@0.14.45:
  version "0.14.45"
  resolved "https://registry.yarnpkg.com/esbuild-linux-arm/-/esbuild-linux-arm-0.14.45.tgz#e454f701ae5371322c8265f4356e098611e51f96"
  integrity sha512-qKWJ4A4TAcxXV2TBLPw3Av5X2SYNfyNnBHNJTQJ5VuevK6Aq5i6XEMvUgdlcVuZ9MYPfS5aJZWglzDzJMf1Lpw==

esbuild-linux-mips64le@0.14.45:
  version "0.14.45"
  resolved "https://registry.yarnpkg.com/esbuild-linux-mips64le/-/esbuild-linux-mips64le-0.14.45.tgz#093cc86be71f9b0cd2876da23ee2f5d35b09a247"
  integrity sha512-s/jcfw3Vpku5dIVSFVY7idJsGdIpIJ88IrkyprVgCG2yBeXatb67B7yIt0E1tL+OHrJJdNBw6GikCiMPAAu1VA==

esbuild-linux-ppc64le@0.14.45:
  version "0.14.45"
  resolved "https://registry.yarnpkg.com/esbuild-linux-ppc64le/-/esbuild-linux-ppc64le-0.14.45.tgz#8bddbf67157027e917b6e5b04230d7cf14d62cf2"
  integrity sha512-lJItl6ESZnhSx951U9R7MTBopgwIELHlQzC6SBR023V5JC1rPRFDZ/UEBsV+7BFcCAfqlyb+odGEAmcBSf4XCA==

esbuild-linux-riscv64@0.14.45:
  version "0.14.45"
  resolved "https://registry.yarnpkg.com/esbuild-linux-riscv64/-/esbuild-linux-riscv64-0.14.45.tgz#0f234f63595159cfc976fd5310e7902e8b5a7ad7"
  integrity sha512-8anMu+QLl9MununVCGJN2I/JvUWPm1EVsBBLq/J+Nz4hr8t6QOCuEp0HRaeMohyl2XiMFBchVu0mwa05rF7GFQ==

esbuild-linux-s390x@0.14.45:
  version "0.14.45"
  resolved "https://registry.yarnpkg.com/esbuild-linux-s390x/-/esbuild-linux-s390x-0.14.45.tgz#272288e0f30e4fa0f01d6df6572602c7df78c256"
  integrity sha512-1TPeNvNCoahMw745KNTA6POKaFfSqQrBb3fdOL82GXZqyKU/6rHNwGP0NgHe88bAUMp3QZfjGfCGKxfBHL77RQ==

esbuild-netbsd-64@0.14.45:
  version "0.14.45"
  resolved "https://registry.yarnpkg.com/esbuild-netbsd-64/-/esbuild-netbsd-64-0.14.45.tgz#0f9af25773e025cd1ca5e22277661cb15d36b406"
  integrity sha512-55f2eZ8EQhhOZosqX0mApgRoI9PrVyXlHd9Uivk+B0B4WTKUgzkoHaVk4EkIUtNRQTpDWPciTlpb/C2tUYVejA==

esbuild-openbsd-64@0.14.45:
  version "0.14.45"
  resolved "https://registry.yarnpkg.com/esbuild-openbsd-64/-/esbuild-openbsd-64-0.14.45.tgz#6d47a564eb4b80d9e3aeb4493918b36d17440228"
  integrity sha512-Z5sNcT3oN9eryMW3mGn5HAgg7XCxiUS4isqH1tZXpsdOdOESbgbTEP0mBEJU0WU7Vt2gIN5XMbAp7Oigm0k71g==

esbuild-sunos-64@0.14.45:
  version "0.14.45"
  resolved "https://registry.yarnpkg.com/esbuild-sunos-64/-/esbuild-sunos-64-0.14.45.tgz#cca97d7d31214bddfa1970386883d1f3f2868cec"
  integrity sha512-WmWu4wAm8mIxxK9aWFCj5VHunY3BHQDT3dAPexMLLszPyMF7RDtUYf+Dash9tjyitvnoxPAvR7DpWpirDLQIlQ==

esbuild-windows-32@0.14.45:
  version "0.14.45"
  resolved "https://registry.yarnpkg.com/esbuild-windows-32/-/esbuild-windows-32-0.14.45.tgz#afd98449fd6a741a4655e3e4f0e5ae7081765baf"
  integrity sha512-DPPehKwPJFBoSG+jILc/vcJNN8pTwz1m6FWojxqtqPhgw8OabTgN4vL7gNMqL/FSeDxF+zyvZeeMrZFYF1d81Q==

esbuild-windows-64@0.14.45:
  version "0.14.45"
  resolved "https://registry.yarnpkg.com/esbuild-windows-64/-/esbuild-windows-64-0.14.45.tgz#5d284b712b119c6306ac5f32e2a611ac6eec2842"
  integrity sha512-t6bxFZcp9bLmSs+1pCNL/BW2bq3QEQHxU4HoiMEyWfF8QBU8iNXFI1iLGdyCzB1Ue2739h55tpOvojFrfyNPWA==

esbuild-windows-arm64@0.14.45:
  version "0.14.45"
  resolved "https://registry.yarnpkg.com/esbuild-windows-arm64/-/esbuild-windows-arm64-0.14.45.tgz#08089d4cc921939ed352d9c2d928b5d867a6dc67"
  integrity sha512-DnhrvjECBJ2L0owoznPb4RqQKZ498SM8J+YHqmqzi0Gf/enkUwwTjB8vPCK6dDuFnNU/NE8f94FhKdkBHYruDQ==

esbuild@^0.14.27:
  version "0.14.45"
  resolved "https://registry.yarnpkg.com/esbuild/-/esbuild-0.14.45.tgz#3e3192894f91c32cf19207726f136278be46e968"
  integrity sha512-JOxGUD8jcs8xE8DjyGWC8by/vLMCXTJ/wuauWipL5kJRZx1dhpqIntb31QHjA45GZJWaXv7SjC/Zwu1bCkXWtQ==
  optionalDependencies:
    esbuild-android-64 "0.14.45"
    esbuild-android-arm64 "0.14.45"
    esbuild-darwin-64 "0.14.45"
    esbuild-darwin-arm64 "0.14.45"
    esbuild-freebsd-64 "0.14.45"
    esbuild-freebsd-arm64 "0.14.45"
    esbuild-linux-32 "0.14.45"
    esbuild-linux-64 "0.14.45"
    esbuild-linux-arm "0.14.45"
    esbuild-linux-arm64 "0.14.45"
    esbuild-linux-mips64le "0.14.45"
    esbuild-linux-ppc64le "0.14.45"
    esbuild-linux-riscv64 "0.14.45"
    esbuild-linux-s390x "0.14.45"
    esbuild-netbsd-64 "0.14.45"
    esbuild-openbsd-64 "0.14.45"
    esbuild-sunos-64 "0.14.45"
    esbuild-windows-32 "0.14.45"
    esbuild-windows-64 "0.14.45"
    esbuild-windows-arm64 "0.14.45"

escalade@^3.1.1:
  version "3.1.1"
  resolved "https://registry.yarnpkg.com/escalade/-/escalade-3.1.1.tgz#d8cfdc7000965c5a0174b4a82eaa5c0552742e40"
  integrity sha512-k0er2gUkLf8O0zKJiAhmkTnJlTvINGv7ygDNPbeIsX/TJjGJZHuh9B2UxbsaEkmlEo9MfhrSzmhIlhRlI2GXnw==

estree-walker@^2.0.2:
  version "2.0.2"
  resolved "https://registry.yarnpkg.com/estree-walker/-/estree-walker-2.0.2.tgz#52f010178c2a4c117a7757cfe942adb7d2da4cac"
  integrity sha512-Rfkk/Mp/DL7JVje3u18FxFujQlTNR2q6QfMSMB7AvCBx91NGj/ba3kCfza0f6dVDbw7YlRf/nDrn7pQrCCyQ/w==

fast-deep-equal@^3.1.1:
  version "3.1.3"
  resolved "https://registry.yarnpkg.com/fast-deep-equal/-/fast-deep-equal-3.1.3.tgz#3a7d56b559d6cbc3eb512325244e619a65c6c525"
  integrity sha512-f3qQ9oQy9j2AhBe/H9VC91wLmKBCCU/gDOnKNAYG5hswO7BLKj09Hc5HYNz9cGI++xlpDCIgDaitVs03ATR84Q==

fast-json-stable-stringify@^2.0.0:
  version "2.1.0"
  resolved "https://registry.yarnpkg.com/fast-json-stable-stringify/-/fast-json-stable-stringify-2.1.0.tgz#874bf69c6f404c2b5d99c481341399fd55892633"
  integrity sha512-lhd/wF+Lk98HZoTCtlVraHtfh5XYijIjalXck7saUtuanSDyLMxnHhSXEDJqHxD7msR8D0uCmqlkwjCV8xvwHw==

find-cache-dir@^3.3.2:
  version "3.3.2"
  resolved "https://registry.yarnpkg.com/find-cache-dir/-/find-cache-dir-3.3.2.tgz#b30c5b6eff0730731aea9bbd9dbecbd80256d64b"
  integrity sha512-wXZV5emFEjrridIgED11OoUKLxiYjAcqot/NJdAkOhlJ+vGzwhOAfcG5OX1jP+S0PcjEn8bdMJv+g2jwQ3Onig==
  dependencies:
    commondir "^1.0.1"
    make-dir "^3.0.2"
    pkg-dir "^4.1.0"

find-up@^4.0.0:
  version "4.1.0"
  resolved "https://registry.yarnpkg.com/find-up/-/find-up-4.1.0.tgz#97afe7d6cdc0bc5928584b7c8d7b16e8a9aa5d19"
  integrity sha512-PpOwAdQ/YlXQ2vj8a3h8IipDuYRi3wceVQQGYWxNINccq40Anw7BlsEXCMbt1Zt+OLA6Fq9suIpIWD0OsnISlw==
  dependencies:
    locate-path "^5.0.0"
    path-exists "^4.0.0"

follow-redirects@^1.14.9:
  version "1.15.1"
  resolved "https://registry.yarnpkg.com/follow-redirects/-/follow-redirects-1.15.1.tgz#0ca6a452306c9b276e4d3127483e29575e207ad5"
  integrity sha512-yLAMQs+k0b2m7cVxpS1VKJVvoz7SS9Td1zss3XRwXj+ZDH00RJgnuLx7E44wx02kQLrdM3aOOy+FpzS7+8OizA==

form-data@^4.0.0:
  version "4.0.0"
  resolved "https://registry.yarnpkg.com/form-data/-/form-data-4.0.0.tgz#93919daeaf361ee529584b9b31664dc12c9fa452"
  integrity sha512-ETEklSGi5t0QMZuiXoA/Q6vcnxcLQP5vdugSpuAyi6SVGi2clPPp+xgEhuMaHC+zGgn31Kd235W35f7Hykkaww==
  dependencies:
    asynckit "^0.4.0"
    combined-stream "^1.0.8"
    mime-types "^2.1.12"

fraction.js@^4.2.0:
  version "4.2.0"
  resolved "https://registry.yarnpkg.com/fraction.js/-/fraction.js-4.2.0.tgz#448e5109a313a3527f5a3ab2119ec4cf0e0e2950"
  integrity sha512-MhLuK+2gUcnZe8ZHlaaINnQLl0xRIGRfcGk2yl8xoQAfHrSsL3rYu6FCmBdkdbhc9EPlwyGHewaRsvwRMJtAlA==

fs.realpath@^1.0.0:
  version "1.0.0"
  resolved "https://registry.yarnpkg.com/fs.realpath/-/fs.realpath-1.0.0.tgz#1504ad2523158caa40db4a2787cb01411994ea4f"
  integrity sha512-OO0pH2lK6a0hZnAdau5ItzHPI6pUlvI7jMVnxUQRtw4owF2wk8lOSabtGDCTP4Ggrg2MbGnWO9X8K1t4+fGMDw==

fsevents@~2.3.2:
  version "2.3.2"
  resolved "https://registry.yarnpkg.com/fsevents/-/fsevents-2.3.2.tgz#8a526f78b8fdf4623b709e0b975c52c24c02fd1a"
  integrity sha512-xiqMQR4xAeHTuB9uWm+fFRcIOgKBMiOBP+eXiyT7jsgVCq1bkVygt00oASowB7EdtpOHaaPgKt812P9ab+DDKA==

function-bind@^1.1.1:
  version "1.1.1"
  resolved "https://registry.yarnpkg.com/function-bind/-/function-bind-1.1.1.tgz#a56899d3ea3c9bab874bb9773b7c5ede92f4895d"
  integrity sha512-yIovAzMX49sF8Yl58fSCWJ5svSLuaibPxXQJFLmBObTuCr0Mf1KiPopGM9NiFjiYBCbfaa2Fh6breQ6ANVTI0A==

glob@^7.0.0:
  version "7.2.3"
  resolved "https://registry.yarnpkg.com/glob/-/glob-7.2.3.tgz#b8df0fb802bbfa8e89bd1d938b4e16578ed44f2b"
  integrity sha512-nFR0zLpU2YCaRxwoCJvL6UvCH2JFyFVIvwTLsIf21AuHlMskA1hhTdk+LlYJtOlYt9v6dvszD2BGRqBL+iQK9Q==
  dependencies:
    fs.realpath "^1.0.0"
    inflight "^1.0.4"
    inherits "2"
    minimatch "^3.1.1"
    once "^1.3.0"
    path-is-absolute "^1.0.0"

has-flag@^4.0.0:
  version "4.0.0"
  resolved "https://registry.yarnpkg.com/has-flag/-/has-flag-4.0.0.tgz#944771fd9c81c81265c4d6941860da06bb59479b"
  integrity sha512-EykJT/Q1KjTWctppgIAgfSO0tKVuZUjhgMr17kqTumMl6Afv3EISleU7qZUzoXDFTAHTDC4NOoG/ZxU3EvlMPQ==

has@^1.0.3:
  version "1.0.3"
  resolved "https://registry.yarnpkg.com/has/-/has-1.0.3.tgz#722d7cbfc1f6aa8241f16dd814e011e1f41e8796"
  integrity sha512-f2dvO0VU6Oej7RkWJGrehjbzMAjFp5/VKPp5tTpWIV4JHHZK1/BxbFRtf/siA2SWTe09caDmVtYYzWEIbBS4zw==
  dependencies:
    function-bind "^1.1.1"

inflight@^1.0.4:
  version "1.0.6"
  resolved "https://registry.yarnpkg.com/inflight/-/inflight-1.0.6.tgz#49bd6331d7d02d0c09bc910a1075ba8165b56df9"
  integrity sha512-k92I/b08q4wvFscXCLvqfsHCrjrF7yiXsQuIVvVE7N82W3+aqpzuUdBbfhWcy/FZR3/4IgflMgKLOsvPDrGCJA==
  dependencies:
    once "^1.3.0"
    wrappy "1"

inherits@2:
  version "2.0.4"
  resolved "https://registry.yarnpkg.com/inherits/-/inherits-2.0.4.tgz#0fa2c64f932917c3433a0ded55363aae37416b7c"
  integrity sha512-k/vGaX4/Yla3WzyMCvTQOXYeIHvqOKtnqBduzTHpzpQZzAskKMhZ2K+EnBiSM9zGSoIFeMpXKxa4dYeZIQqewQ==

interpret@^1.0.0:
  version "1.4.0"
  resolved "https://registry.yarnpkg.com/interpret/-/interpret-1.4.0.tgz#665ab8bc4da27a774a40584e812e3e0fa45b1a1e"
  integrity sha512-agE4QfB2Lkp9uICn7BAqoscw4SZP9kTE2hxiFI3jBPmXJfdqiahTbUuKGsMoN2GtqL9AxhYioAcVvgsb1HvRbA==

is-core-module@^2.9.0:
  version "2.9.0"
  resolved "https://registry.yarnpkg.com/is-core-module/-/is-core-module-2.9.0.tgz#e1c34429cd51c6dd9e09e0799e396e27b19a9c69"
  integrity sha512-+5FPy5PnwmO3lvfMb0AsoPaBG+5KHUI0wYFXOtYPnVVVspTFUuMZNfNaNVRt3FZadstu2c8x23vykRW/NBoU6A==
  dependencies:
    has "^1.0.3"

json-schema-traverse@^0.4.1:
  version "0.4.1"
  resolved "https://registry.yarnpkg.com/json-schema-traverse/-/json-schema-traverse-0.4.1.tgz#69f6a87d9513ab8bb8fe63bdb0979c448e684660"
  integrity sha512-xbbCH5dCYU5T8LcEhhuh7HJ88HXuW3qsI3Y0zOZFKfZEHcpWiHU/Jxzk629Brsab/mMiHQti9wMP+845RPe3Vg==

json5@^2.1.2:
  version "2.2.1"
  resolved "https://registry.yarnpkg.com/json5/-/json5-2.2.1.tgz#655d50ed1e6f95ad1a3caababd2b0efda10b395c"
  integrity sha512-1hqLFMSrGHRHxav9q9gNjJ5EXznIxGVO09xQRrwplcS8qs28pZ8s8hupZAmqDwZUmVZ2Qb2jnyPOWcDH8m8dlA==

loader-utils@^2.0.0:
  version "2.0.2"
  resolved "https://registry.yarnpkg.com/loader-utils/-/loader-utils-2.0.2.tgz#d6e3b4fb81870721ae4e0868ab11dd638368c129"
  integrity sha512-TM57VeHptv569d/GKh6TAYdzKblwDNiumOdkFnejjD0XwTH87K90w3O7AiJRqdQoXygvi1VQTJTLGhJl7WqA7A==
  dependencies:
    big.js "^5.2.2"
    emojis-list "^3.0.0"
    json5 "^2.1.2"

locate-path@^5.0.0:
  version "5.0.0"
  resolved "https://registry.yarnpkg.com/locate-path/-/locate-path-5.0.0.tgz#1afba396afd676a6d42504d0a67a3a7eb9f62aa0"
  integrity sha512-t7hw9pI+WvuwNJXwk5zVHpyhIqzg2qTlklJOf0mVxGSbe3Fp2VieZcduNYjaLDoy6p9uGpQEGWG87WpMKlNq8g==
  dependencies:
    p-locate "^4.1.0"

lru-cache@^6.0.0:
  version "6.0.0"
  resolved "https://registry.yarnpkg.com/lru-cache/-/lru-cache-6.0.0.tgz#6d6fe6570ebd96aaf90fcad1dafa3b2566db3a94"
  integrity sha512-Jo6dJ04CmSjuznwJSS3pUeWmd/H0ffTlkXXgwZi+eq1UCmqQwCh+eLsYOYCwY991i2Fah4h1BEMCx4qThGbsiA==
  dependencies:
    yallist "^4.0.0"

magic-string@^0.25.7:
  version "0.25.9"
  resolved "https://registry.yarnpkg.com/magic-string/-/magic-string-0.25.9.tgz#de7f9faf91ef8a1c91d02c2e5314c8277dbcdd1c"
  integrity sha512-RmF0AsMzgt25qzqqLc1+MbHmhdx0ojF2Fvs4XnOqz2ZOBXzzkEwc/dJQZCYHAn7v1jbVOjAZfK8msRn4BxO4VQ==
  dependencies:
    sourcemap-codec "^1.4.8"

make-dir@^3.0.2:
  version "3.1.0"
  resolved "https://registry.yarnpkg.com/make-dir/-/make-dir-3.1.0.tgz#415e967046b3a7f1d185277d84aa58203726a13f"
  integrity sha512-g3FeP20LNwhALb/6Cz6Dd4F2ngze0jz7tbzrD2wAV+o9FeNHe4rL+yK2md0J/fiSf1sa1ADhXqi5+oVwOM/eGw==
  dependencies:
    semver "^6.0.0"

mime-db@1.52.0:
  version "1.52.0"
  resolved "https://registry.yarnpkg.com/mime-db/-/mime-db-1.52.0.tgz#bbabcdc02859f4987301c856e3387ce5ec43bf70"
  integrity sha512-sPU4uV7dYlvtWJxwwxHD0PuihVNiE7TyAbQ5SWxDCB9mUYvOgroQOwYQQOKPJ8CIbE+1ETVlOoK1UC2nU3gYvg==

mime-types@^2.1.12:
  version "2.1.35"
  resolved "https://registry.yarnpkg.com/mime-types/-/mime-types-2.1.35.tgz#381a871b62a734450660ae3deee44813f70d959a"
  integrity sha512-ZDY+bPm5zTTF+YpCrAU9nK0UgICYPT0QtT1NZWFv4s++TNkcgVaT0g6+4R2uI4MjQjzysHB1zxuWL50hzaeXiw==
  dependencies:
    mime-db "1.52.0"

minimatch@^3.1.1:
  version "3.1.2"
  resolved "https://registry.yarnpkg.com/minimatch/-/minimatch-3.1.2.tgz#19cd194bfd3e428f049a70817c038d89ab4be35b"
  integrity sha512-J7p63hRiAjw1NDEww1W7i37+ByIrOWO5XQQAzZ3VOcL0PNybwpfmV/N05zFAzwQ9USyEcX6t3UO+K5aqBQOIHw==
  dependencies:
    brace-expansion "^1.1.7"

ms@2.1.2:
  version "2.1.2"
  resolved "https://registry.yarnpkg.com/ms/-/ms-2.1.2.tgz#d09d1f357b443f493382a8eb3ccd183872ae6009"
  integrity sha512-sGkPx+VjMtmA6MX27oA4FBFELFCZZ4S4XqeGOXCv68tT+jb3vk/RyaKWP0PTKyWtmLSM0b+adUTEvbs1PEaH2w==

nanoid@^3.3.4:
  version "3.3.4"
  resolved "https://registry.yarnpkg.com/nanoid/-/nanoid-3.3.4.tgz#730b67e3cd09e2deacf03c027c81c9d9dbc5e8ab"
  integrity sha512-MqBkQh/OHTS2egovRtLk45wEyNXwF+cokD+1YPf9u5VfJiRdAiRwB2froX5Co9Rh20xs4siNPm8naNotSD6RBw==

node-fetch@^2.6.7:
  version "2.6.7"
  resolved "https://registry.yarnpkg.com/node-fetch/-/node-fetch-2.6.7.tgz#24de9fba827e3b4ae44dc8b20256a379160052ad"
  integrity sha512-ZjMPFEfVx5j+y2yF35Kzx5sF7kDzxuDj6ziH4FFbOp87zKDZNx8yExJIb05OGF4Nlt9IHFIMBkRl41VdvcNdbQ==
  dependencies:
    whatwg-url "^5.0.0"

node-releases@^2.0.5:
  version "2.0.5"
  resolved "https://registry.yarnpkg.com/node-releases/-/node-releases-2.0.5.tgz#280ed5bc3eba0d96ce44897d8aee478bfb3d9666"
  integrity sha512-U9h1NLROZTq9uE1SNffn6WuPDg8icmi3ns4rEl/oTfIle4iLjTliCzgTsbaIFMq/Xn078/lfY/BL0GWZ+psK4Q==

normalize-range@^0.1.2:
  version "0.1.2"
  resolved "https://registry.yarnpkg.com/normalize-range/-/normalize-range-0.1.2.tgz#2d10c06bdfd312ea9777695a4d28439456b75942"
  integrity sha512-bdok/XvKII3nUpklnV6P2hxtMNrCboOjAcyBuQnWEhO665FwrSNRxU+AqpsyvO6LgGYPspN+lu5CLtw4jPRKNA==

null-loader@^4.0.1:
  version "4.0.1"
  resolved "https://registry.yarnpkg.com/null-loader/-/null-loader-4.0.1.tgz#8e63bd3a2dd3c64236a4679428632edd0a6dbc6a"
  integrity sha512-pxqVbi4U6N26lq+LmgIbB5XATP0VdZKOG25DhHi8btMmJJefGArFyDg1yc4U3hWCJbMqSrw0qyrz1UQX+qYXqg==
  dependencies:
    loader-utils "^2.0.0"
    schema-utils "^3.0.0"

once@^1.3.0:
  version "1.4.0"
  resolved "https://registry.yarnpkg.com/once/-/once-1.4.0.tgz#583b1aa775961d4b113ac17d9c50baef9dd76bd1"
  integrity sha512-lNaJgI+2Q5URQBkccEKHTQOPaXdUxnZZElQTZY0MFUAuaEqe1E+Nyvgdz/aIyNi6Z9MzO5dv1H8n58/GELp3+w==
  dependencies:
    wrappy "1"

p-limit@^2.2.0:
  version "2.3.0"
  resolved "https://registry.yarnpkg.com/p-limit/-/p-limit-2.3.0.tgz#3dd33c647a214fdfffd835933eb086da0dc21db1"
  integrity sha512-//88mFWSJx8lxCzwdAABTJL2MyWB12+eIY7MDL2SqLmAkeKU9qxRvWuSyTjm3FUmpBEMuFfckAIqEaVGUDxb6w==
  dependencies:
    p-try "^2.0.0"

p-locate@^4.1.0:
  version "4.1.0"
  resolved "https://registry.yarnpkg.com/p-locate/-/p-locate-4.1.0.tgz#a3428bb7088b3a60292f66919278b7c297ad4f07"
  integrity sha512-R79ZZ/0wAxKGu3oYMlz8jy/kbhsNrS7SKZ7PxEHBgJ5+F2mtFW2fK2cOtBh1cHYkQsbzFV7I+EoRKe6Yt0oK7A==
  dependencies:
    p-limit "^2.2.0"

p-try@^2.0.0:
  version "2.2.0"
  resolved "https://registry.yarnpkg.com/p-try/-/p-try-2.2.0.tgz#cb2868540e313d61de58fafbe35ce9004d5540e6"
  integrity sha512-R4nPAVTAU0B9D35/Gk3uJf/7XYbQcyohSKdvAxIRSNghFl4e71hVoGnBNQz9cWaXxO2I10KTC+3jMdvvoKw6dQ==

path-exists@^4.0.0:
  version "4.0.0"
  resolved "https://registry.yarnpkg.com/path-exists/-/path-exists-4.0.0.tgz#513bdbe2d3b95d7762e8c1137efa195c6c61b5b3"
  integrity sha512-ak9Qy5Q7jYb2Wwcey5Fpvg2KoAc/ZIhLSLOSBmRmygPsGwkVVt0fZa0qrtMz+m6tJTAHfZQ8FnmB4MG4LWy7/w==

path-is-absolute@^1.0.0:
  version "1.0.1"
  resolved "https://registry.yarnpkg.com/path-is-absolute/-/path-is-absolute-1.0.1.tgz#174b9268735534ffbc7ace6bf53a5a9e1b5c5f5f"
  integrity sha512-AVbw3UJ2e9bq64vSaS9Am0fje1Pa8pbGqTTsmXfaIiMpnr5DlDhfJOuLj9Sf95ZPVDAUerDfEk88MPmPe7UCQg==

path-parse@^1.0.7:
  version "1.0.7"
  resolved "https://registry.yarnpkg.com/path-parse/-/path-parse-1.0.7.tgz#fbc114b60ca42b30d9daf5858e4bd68bbedb6735"
  integrity sha512-LDJzPVEEEPR+y48z93A0Ed0yXb8pAByGWo/k5YYdYgpY2/2EsOsksJrq7lOHxryrVOn1ejG6oAp8ahvOIQD8sw==

picocolors@^1.0.0:
  version "1.0.0"
  resolved "https://registry.yarnpkg.com/picocolors/-/picocolors-1.0.0.tgz#cb5bdc74ff3f51892236eaf79d68bc44564ab81c"
  integrity sha512-1fygroTLlHu66zi26VoTDv8yRgm0Fccecssto+MhsZ0D/DGW2sm8E8AjW7NU5VVTRt5GxbeZ5qBuJr+HyLYkjQ==

pinia@^2.0.14:
  version "2.0.14"
  resolved "https://registry.yarnpkg.com/pinia/-/pinia-2.0.14.tgz#0837898c20291ebac982bbfca95c8d3c6099925f"
  integrity sha512-0nPuZR4TetT/WcLN+feMSjWJku3SQU7dBbXC6uw+R6FLQJCsg+/0pzXyD82T1FmAYe0lsx+jnEDQ1BLgkRKlxA==
  dependencies:
    "@vue/devtools-api" "^6.1.4"
    vue-demi "*"

pkg-dir@^4.1.0:
  version "4.2.0"
  resolved "https://registry.yarnpkg.com/pkg-dir/-/pkg-dir-4.2.0.tgz#f099133df7ede422e81d1d8448270eeb3e4261f3"
  integrity sha512-HRDzbaKjC+AOWVXxAU/x54COGeIv9eb+6CkDSQoNTt4XyWoIJvuPsXizxu/Fr23EiekbtZwmh1IcIG/l/a10GQ==
  dependencies:
    find-up "^4.0.0"

popper.js@^1.16.1:
  version "1.16.1"
  resolved "https://registry.yarnpkg.com/popper.js/-/popper.js-1.16.1.tgz#2a223cb3dc7b6213d740e40372be40de43e65b1b"
  integrity sha512-Wb4p1J4zyFTbM+u6WuO4XstYx4Ky9Cewe4DWrel7B0w6VVICvPwdOpotjzcf6eD8TsckVnIMNONQyPIUFOUbCQ==

portal-vue@^2.1.7:
  version "2.1.7"
  resolved "https://registry.yarnpkg.com/portal-vue/-/portal-vue-2.1.7.tgz#ea08069b25b640ca08a5b86f67c612f15f4e4ad4"
  integrity sha512-+yCno2oB3xA7irTt0EU5Ezw22L2J51uKAacE/6hMPMoO/mx3h4rXFkkBkT4GFsMDv/vEe8TNKC3ujJJ0PTwb6g==

postcss-value-parser@^4.2.0:
  version "4.2.0"
  resolved "https://registry.yarnpkg.com/postcss-value-parser/-/postcss-value-parser-4.2.0.tgz#723c09920836ba6d3e5af019f92bc0971c02e514"
  integrity sha512-1NNCs6uurfkVbeXG4S8JFT9t19m45ICnif8zWLd5oPSZ50QnwMfK+H3jv408d4jw/7Bttv5axS5IiHoLaVNHeQ==

postcss@^8.1.10, postcss@^8.4.13, postcss@^8.4.14:
  version "8.4.14"
  resolved "https://registry.yarnpkg.com/postcss/-/postcss-8.4.14.tgz#ee9274d5622b4858c1007a74d76e42e56fd21caf"
  integrity sha512-E398TUmfAYFPBSdzgeieK2Y1+1cpdxJx8yXbK/m57nRhKSmk1GB2tO4lbLBtlkfPQTDKfe4Xqv1ASWPpayPEig==
  dependencies:
    nanoid "^3.3.4"
    picocolors "^1.0.0"
    source-map-js "^1.0.2"

punycode@^2.1.0:
  version "2.1.1"
  resolved "https://registry.yarnpkg.com/punycode/-/punycode-2.1.1.tgz#b58b010ac40c22c5657616c8d2c2c02c7bf479ec"
  integrity sha512-XRsRjdf+j5ml+y/6GKHPZbrF/8p2Yga0JPtdqTIY2Xe5ohJPD9saDJJLPvp9+NSBprVvevdXZybnj2cv8OEd0A==

rechoir@^0.6.2:
  version "0.6.2"
  resolved "https://registry.yarnpkg.com/rechoir/-/rechoir-0.6.2.tgz#85204b54dba82d5742e28c96756ef43af50e3384"
  integrity sha512-HFM8rkZ+i3zrV+4LQjwQ0W+ez98pApMGM3HUrN04j3CqzPOzl9nmP15Y8YXNm8QHGv/eacOVEjqhmWpkRV0NAw==
  dependencies:
    resolve "^1.1.6"

resolve@^1.1.6, resolve@^1.22.0:
  version "1.22.1"
  resolved "https://registry.yarnpkg.com/resolve/-/resolve-1.22.1.tgz#27cb2ebb53f91abb49470a928bba7558066ac177"
  integrity sha512-nBpuuYuY5jFsli/JIs1oldw6fOQCBioohqWZg/2hiaOybXOft4lonv85uDOKXdf8rhyK159cxU5cDcK/NKk8zw==
  dependencies:
    is-core-module "^2.9.0"
    path-parse "^1.0.7"
    supports-preserve-symlinks-flag "^1.0.0"

roboto-fontface@*:
  version "0.10.0"
  resolved "https://registry.yarnpkg.com/roboto-fontface/-/roboto-fontface-0.10.0.tgz#7eee40cfa18b1f7e4e605eaf1a2740afb6fd71b0"
  integrity sha512-OlwfYEgA2RdboZohpldlvJ1xngOins5d7ejqnIBWr9KaMxsnBqotpptRXTyfNRLnFpqzX6sTDt+X+a+6udnU8g==

rollup@^2.59.0:
  version "2.75.6"
  resolved "https://registry.yarnpkg.com/rollup/-/rollup-2.75.6.tgz#ac4dc8600f95942a0180f61c7c9d6200e374b439"
  integrity sha512-OEf0TgpC9vU6WGROJIk1JA3LR5vk/yvqlzxqdrE2CzzXnqKXNzbAwlWUXis8RS3ZPe7LAq+YUxsRa0l3r27MLA==
  optionalDependencies:
    fsevents "~2.3.2"

schema-utils@^3.0.0:
  version "3.1.1"
  resolved "https://registry.yarnpkg.com/schema-utils/-/schema-utils-3.1.1.tgz#bc74c4b6b6995c1d88f76a8b77bea7219e0c8281"
  integrity sha512-Y5PQxS4ITlC+EahLuXaY86TXfR7Dc5lw294alXOq86JAHCihAIZfqv8nNCWvaEJvaC51uN9hbLGeV0cFBdH+Fw==
  dependencies:
    "@types/json-schema" "^7.0.8"
    ajv "^6.12.5"
    ajv-keywords "^3.5.2"

semver@^6.0.0:
  version "6.3.0"
  resolved "https://registry.yarnpkg.com/semver/-/semver-6.3.0.tgz#ee0a64c8af5e8ceea67687b133761e1becbd1d3d"
  integrity sha512-b39TBaTSfV6yBrapU89p5fKekE2m/NwnDocOVruQFS1/veMgdzuPcnOM34M6CwxW8jH/lxEa5rBoDeUwu5HHTw==

semver@^7.1.2:
  version "7.3.7"
  resolved "https://registry.yarnpkg.com/semver/-/semver-7.3.7.tgz#12c5b649afdbf9049707796e22a4028814ce523f"
  integrity sha512-QlYTucUYOews+WeEujDoEGziz4K6c47V/Bd+LjSSYcA94p+DmINdf7ncaUinThfvZyu13lN9OY1XDxt8C0Tw0g==
  dependencies:
    lru-cache "^6.0.0"

shelljs@^0.8.3:
  version "0.8.5"
  resolved "https://registry.yarnpkg.com/shelljs/-/shelljs-0.8.5.tgz#de055408d8361bed66c669d2f000538ced8ee20c"
  integrity sha512-TiwcRcrkhHvbrZbnRcFYMLl30Dfov3HKqzp5tO5b4pt6G/SezKcYhmDg15zXVBswHmctSAQKznqNW2LO5tTDow==
  dependencies:
    glob "^7.0.0"
    interpret "^1.0.0"
    rechoir "^0.6.2"

source-map-js@^1.0.2:
  version "1.0.2"
  resolved "https://registry.yarnpkg.com/source-map-js/-/source-map-js-1.0.2.tgz#adbc361d9c62df380125e7f161f71c826f1e490c"
  integrity sha512-R0XvVJ9WusLiqTCEiGCmICCMplcCkIwwR11mOSD9CR5u+IXYdiseeEuXCVAjS54zqwkLcPNnmU4OeJ6tUrWhDw==

source-map@^0.6.1:
  version "0.6.1"
  resolved "https://registry.yarnpkg.com/source-map/-/source-map-0.6.1.tgz#74722af32e9614e9c287a8d0bbde48b5e2f1a263"
  integrity sha512-UjgapumWlbMhkBgzT7Ykc5YXUT46F0iKu8SGXq0bcwP5dz/h0Plj6enJqjz1Zbq2l5WaqYnrVbwWOWMyF3F47g==

sourcemap-codec@^1.4.8:
  version "1.4.8"
  resolved "https://registry.yarnpkg.com/sourcemap-codec/-/sourcemap-codec-1.4.8.tgz#ea804bd94857402e6992d05a38ef1ae35a9ab4c4"
  integrity sha512-9NykojV5Uih4lgo5So5dtw+f0JgJX30KCNI8gwhz2J9A15wD0Ml6tjHKwf6fTSa6fAdVBdZeNOs9eJ71qCk8vA==

supports-color@^7.1.0:
  version "7.2.0"
  resolved "https://registry.yarnpkg.com/supports-color/-/supports-color-7.2.0.tgz#1b7dcdcb32b8138801b3e478ba6a51caa89648da"
  integrity sha512-qpCAvRl9stuOHveKsn7HncJRvv501qIacKzQlO/+Lwxc9+0q2wLyv4Dfvt80/DPn2pqOBsJdDiogXGR9+OvwRw==
  dependencies:
    has-flag "^4.0.0"

supports-preserve-symlinks-flag@^1.0.0:
  version "1.0.0"
  resolved "https://registry.yarnpkg.com/supports-preserve-symlinks-flag/-/supports-preserve-symlinks-flag-1.0.0.tgz#6eda4bd344a3c94aea376d4cc31bc77311039e09"
  integrity sha512-ot0WnXS9fgdkgIcePe6RHNk1WA8+muPa6cSjeR3V8K27q9BB1rTE3R1p7Hv0z1ZyAc8s6Vvv8DIyWf681MAt0w==

tr46@~0.0.3:
  version "0.0.3"
  resolved "https://registry.yarnpkg.com/tr46/-/tr46-0.0.3.tgz#8184fd347dac9cdc185992f3a6622e14b9d9ab6a"
  integrity sha512-N3WMsuqV66lT30CrXNbEjx4GEwlow3v6rr4mCcv6prnfwhS01rkgyFdjPNBYd9br7LpXV1+Emh01fHnq2Gdgrw==

typescript@^4.5.4:
  version "4.7.4"
  resolved "https://registry.yarnpkg.com/typescript/-/typescript-4.7.4.tgz#1a88596d1cf47d59507a1bcdfb5b9dfe4d488235"
  integrity sha512-C0WQT0gezHuw6AdY1M2jxUO83Rjf0HP7Sk1DtXj6j1EwkQNZrHAg2XPWlq62oqEhYvONq5pkC2Y9oPljWToLmQ==

upath@^2.0.1:
  version "2.0.1"
  resolved "https://registry.yarnpkg.com/upath/-/upath-2.0.1.tgz#50c73dea68d6f6b990f51d279ce6081665d61a8b"
  integrity sha512-1uEe95xksV1O0CYKXo8vQvN1JEbtJp7lb7C5U9HMsIp6IVwntkH/oNUzyVNQSd4S1sYk2FpSSW44FqMc8qee5w==

uri-js@^4.2.2:
  version "4.4.1"
  resolved "https://registry.yarnpkg.com/uri-js/-/uri-js-4.4.1.tgz#9b1a52595225859e55f669d928f88c6c57f2a77e"
  integrity sha512-7rKUyy33Q1yc98pQ1DAmLtwX109F7TIfWlW1Ydo8Wl1ii1SeHieeh0HHfPeL2fMXK6z0s8ecKs9frCuLJvndBg==
  dependencies:
    punycode "^2.1.0"

vite-plugin-vuetify@^1.0.0-alpha.0:
  version "1.0.0-alpha.12"
  resolved "https://registry.yarnpkg.com/vite-plugin-vuetify/-/vite-plugin-vuetify-1.0.0-alpha.12.tgz#ee8b6816e6fb66c9c9010d574ecd79b18795d064"
  integrity sha512-DMb7oY6F67P1RTEU28xQePUnyZdm+sbeGgIF3exBrA5yLL8NKKPIahqJN4+MAWMXCJVwNKy7nsS6zVgOLtcoQg==
  dependencies:
    "@vuetify/loader-shared" "^1.5.0"
    debug "^4.3.3"

vite@^2.9.9:
  version "2.9.12"
  resolved "https://registry.yarnpkg.com/vite/-/vite-2.9.12.tgz#b1d636b0a8ac636afe9d83e3792d4895509a941b"
  integrity sha512-suxC36dQo9Rq1qMB2qiRorNJtJAdxguu5TMvBHOc/F370KvqAe9t48vYp+/TbPKRNrMh/J55tOUmkuIqstZaew==
  dependencies:
    esbuild "^0.14.27"
    postcss "^8.4.13"
    resolve "^1.22.0"
    rollup "^2.59.0"
  optionalDependencies:
    fsevents "~2.3.2"

vue-cli-plugin-vuetify@~2.5.1:
  version "2.5.1"
  resolved "https://registry.yarnpkg.com/vue-cli-plugin-vuetify/-/vue-cli-plugin-vuetify-2.5.1.tgz#6a3ee80c6e8d09b634ec7705422573f2ee0bc7e7"
  integrity sha512-OcZ8/bqf84yTbQN+PyRf+8Wvr8czg+u5J4JGVx+Lq5ytsBxTgIUIZ/oMO7j+bd9WCjiKid2l9gZbQYjZABw2+g==
  dependencies:
    null-loader "^4.0.1"
    semver "^7.1.2"
    shelljs "^0.8.3"

vue-demi@*:
  version "0.13.1"
  resolved "https://registry.yarnpkg.com/vue-demi/-/vue-demi-0.13.1.tgz#7604904c88be338418a10abbc94d5b8caa14cb8c"
  integrity sha512-xmkJ56koG3ptpLnpgmIzk9/4nFf4CqduSJbUM0OdPoU87NwRuZ6x49OLhjSa/fC15fV+5CbEnrxU4oyE022svg==

vue-functional-data-merge@^3.1.0:
  version "3.1.0"
  resolved "https://registry.yarnpkg.com/vue-functional-data-merge/-/vue-functional-data-merge-3.1.0.tgz#08a7797583b7f35680587f8a1d51d729aa1dc657"
  integrity sha512-leT4kdJVQyeZNY1kmnS1xiUlQ9z1B/kdBFCILIjYYQDqZgLqCLa0UhjSSeRX6c3mUe6U5qYeM8LrEqkHJ1B4LA==

vue-router@^4.0.16:
  version "4.0.16"
  resolved "https://registry.yarnpkg.com/vue-router/-/vue-router-4.0.16.tgz#9477beeeef36e80e04d041a1738801a55e6e862e"
  integrity sha512-JcO7cb8QJLBWE+DfxGUL3xUDOae/8nhM1KVdnudadTAORbuxIC/xAydC5Zr/VLHUDQi1ppuTF5/rjBGzgzrJNA==
  dependencies:
    "@vue/devtools-api" "^6.0.0"

vue-tsc@^0.34.7:
  version "0.34.17"
  resolved "https://registry.yarnpkg.com/vue-tsc/-/vue-tsc-0.34.17.tgz#332fc5c31d64bb9b74b0f26050f3ab067a9a7d6f"
  integrity sha512-jzUXky44ZLHC4daaJag7FQr3idlPYN719/K1eObGljz5KaS2UnVGTU/XSYCd7d6ampYYg4OsyalbHyJIxV0aEQ==
  dependencies:
    "@volar/vue-typescript" "0.34.17"

vue@^3.2.25:
  version "3.2.37"
  resolved "https://registry.yarnpkg.com/vue/-/vue-3.2.37.tgz#da220ccb618d78579d25b06c7c21498ca4e5452e"
  integrity sha512-bOKEZxrm8Eh+fveCqS1/NkG/n6aMidsI6hahas7pa0w/l7jkbssJVsRhVDs07IdDq7h9KHswZOgItnwJAgtVtQ==
  dependencies:
    "@vue/compiler-dom" "3.2.37"
    "@vue/compiler-sfc" "3.2.37"
    "@vue/runtime-dom" "3.2.37"
    "@vue/server-renderer" "3.2.37"
    "@vue/shared" "3.2.37"

vuetify@^3.0.0-beta.0:
  version "3.0.0-beta.4"
  resolved "https://registry.yarnpkg.com/vuetify/-/vuetify-3.0.0-beta.4.tgz#39d6b9cc38f0e9f5f342dff3d7ca72924fe41735"
  integrity sha512-saq44U5bDO5z7BNWVeBdyY37BTPOQTeuz7Tm3kyywMEDHhZKw9BhtCo/QodTndoofRSRWXfE7MI2/AEvG/1x+g==

webfontloader@^1.0.0:
  version "1.6.28"
  resolved "https://registry.yarnpkg.com/webfontloader/-/webfontloader-1.6.28.tgz#db786129253cb6e8eae54c2fb05f870af6675bae"
  integrity sha512-Egb0oFEga6f+nSgasH3E0M405Pzn6y3/9tOVanv/DLfa1YBIgcv90L18YyWnvXkRbIM17v5Kv6IT2N6g1x5tvQ==

webidl-conversions@^3.0.0:
  version "3.0.1"
  resolved "https://registry.yarnpkg.com/webidl-conversions/-/webidl-conversions-3.0.1.tgz#24534275e2a7bc6be7bc86611cc16ae0a5654871"
  integrity sha512-2JAn3z8AR6rjK8Sm8orRC0h/bcl/DqL7tRPdGZ4I1CjdF+EaMLmYxBHyXuKL849eucPFhvBoxMsflfOb8kxaeQ==

whatwg-url@^5.0.0:
  version "5.0.0"
  resolved "https://registry.yarnpkg.com/whatwg-url/-/whatwg-url-5.0.0.tgz#966454e8765462e37644d3626f6742ce8b70965d"
  integrity sha512-saE57nupxk6v3HY35+jzBwYa0rKSy0XR8JSxZPwgLr7ys0IBzhGviA1/TUGJLmSVqs8pb9AnvICXEuOHLprYTw==
  dependencies:
    tr46 "~0.0.3"
    webidl-conversions "^3.0.0"

wrappy@1:
  version "1.0.2"
  resolved "https://registry.yarnpkg.com/wrappy/-/wrappy-1.0.2.tgz#b5243d8f3ec1aa35f1364605bc0d1036e30ab69f"
  integrity sha512-l4Sp/DRseor9wL6EvV2+TuQn63dMkPjZ/sp9XkghTEbV9KlPS1xUsZ3u7/IQO4wxtcFB4bgpQPRcR3QCvezPcQ==

yallist@^4.0.0:
  version "4.0.0"
  resolved "https://registry.yarnpkg.com/yallist/-/yallist-4.0.0.tgz#9bb92790d9c0effec63be73519e11a35019a3a72"
  integrity sha512-3wdGidZyq5PB084XLES5TpOSRA3wjXAlIWMhum2kRcv/41Sn2emQ0dycQW4uZXLejwKvg6EsvbdlVL+FYEct7A==
